
Microsoft Visual Studio Solution File, Format Version 12.00
# Visual Studio Version 17
VisualStudioVersion = 17.9.34616.47
MinimumVisualStudioVersion = 10.0.40219.1
Project("{FAE04EC0-301F-11D3-BF4B-00C04F79EFBC}") = "AlunoPoo", "AlunoPoo\AlunoPoo.csproj", "{9BBF8567-2E38-4FE4-BA6D-E74BE2B2771C}"
EndProject
Global
	GlobalSection(SolutionConfigurationPlatforms) = preSolution
		Debug|Any CPU = Debug|Any CPU
		Release|Any CPU = Release|Any CPU
	EndGlobalSection
	GlobalSection(ProjectConfigurationPlatforms) = postSolution
		{9BBF8567-2E38-4FE4-BA6D-E74BE2B2771C}.Debug|Any CPU.ActiveCfg = Debug|Any CPU
		{9BBF8567-2E38-4FE4-BA6D-E74BE2B2771C}.Debug|Any CPU.Build.0 = Debug|Any CPU
		{9BBF8567-2E38-4FE4-BA6D-E74BE2B2771C}.Release|Any CPU.ActiveCfg = Release|Any CPU
		{9BBF8567-2E38-4FE4-BA6D-E74BE2B2771C}.Release|Any CPU.Build.0 = Release|Any CPU
	EndGlobalSection
	GlobalSection(SolutionProperties) = preSolution
		HideSolutionNode = FALSE
	EndGlobalSection
	GlobalSection(ExtensibilityGlobals) = postSolution
		SolutionGuid = {10EEA8F7-BDC2-4A6D-88B5-E1375F432595}
	EndGlobalSection
EndGlobal
