
Microsoft Visual Studio Solution File, Format Version 12.00
# Visual Studio Version 17
VisualStudioVersion = 17.3.32901.215
MinimumVisualStudioVersion = 10.0.40219.1
Project("{FAE04EC0-301F-11D3-BF4B-00C04F79EFBC}") = "Aula 07.11", "Aula 07.11\Aula 07.11.csproj", "{65434C3C-06D5-42C8-92C3-1BA0F0F8853A}"
EndProject
Global
	GlobalSection(SolutionConfigurationPlatforms) = preSolution
		Debug|Any CPU = Debug|Any CPU
		Release|Any CPU = Release|Any CPU
	EndGlobalSection
	GlobalSection(ProjectConfigurationPlatforms) = postSolution
		{65434C3C-06D5-42C8-92C3-1BA0F0F8853A}.Debug|Any CPU.ActiveCfg = Debug|Any CPU
		{65434C3C-06D5-42C8-92C3-1BA0F0F8853A}.Debug|Any CPU.Build.0 = Debug|Any CPU
		{65434C3C-06D5-42C8-92C3-1BA0F0F8853A}.Release|Any CPU.ActiveCfg = Release|Any CPU
		{65434C3C-06D5-42C8-92C3-1BA0F0F8853A}.Release|Any CPU.Build.0 = Release|Any CPU
	EndGlobalSection
	GlobalSection(SolutionProperties) = preSolution
		HideSolutionNode = FALSE
	EndGlobalSection
	GlobalSection(ExtensibilityGlobals) = postSolution
		SolutionGuid = {15A1F373-74D4-4875-963C-9D78D75E3ED8}
	EndGlobalSection
EndGlobal
