
Microsoft Visual Studio Solution File, Format Version 12.00
# Visual Studio Version 17
VisualStudioVersion = 17.3.32901.215
MinimumVisualStudioVersion = 10.0.40219.1
Project("{FAE04EC0-301F-11D3-BF4B-00C04F79EFBC}") = "ProjetoAula1", "ProjetoAula1\ProjetoAula1.csproj", "{F3A02AF8-B3FD-437F-9AC8-989CA6D4DB04}"
EndProject
Global
	GlobalSection(SolutionConfigurationPlatforms) = preSolution
		Debug|Any CPU = Debug|Any CPU
		Release|Any CPU = Release|Any CPU
	EndGlobalSection
	GlobalSection(ProjectConfigurationPlatforms) = postSolution
		{F3A02AF8-B3FD-437F-9AC8-989CA6D4DB04}.Debug|Any CPU.ActiveCfg = Debug|Any CPU
		{F3A02AF8-B3FD-437F-9AC8-989CA6D4DB04}.Debug|Any CPU.Build.0 = Debug|Any CPU
		{F3A02AF8-B3FD-437F-9AC8-989CA6D4DB04}.Release|Any CPU.ActiveCfg = Release|Any CPU
		{F3A02AF8-B3FD-437F-9AC8-989CA6D4DB04}.Release|Any CPU.Build.0 = Release|Any CPU
	EndGlobalSection
	GlobalSection(SolutionProperties) = preSolution
		HideSolutionNode = FALSE
	EndGlobalSection
	GlobalSection(ExtensibilityGlobals) = postSolution
		SolutionGuid = {3D7465C1-4966-4239-A9F7-6BA29B574FFB}
	EndGlobalSection
EndGlobal
