
Microsoft Visual Studio Solution File, Format Version 12.00
# Visual Studio Version 17
VisualStudioVersion = 17.9.34616.47
MinimumVisualStudioVersion = 10.0.40219.1
Project("{FAE04EC0-301F-11D3-BF4B-00C04F79EFBC}") = "turnos", "turnos\turnos.csproj", "{6E058F0C-87D1-4457-8BDC-331BA21E5545}"
EndProject
Global
	GlobalSection(SolutionConfigurationPlatforms) = preSolution
		Debug|Any CPU = Debug|Any CPU
		Release|Any CPU = Release|Any CPU
	EndGlobalSection
	GlobalSection(ProjectConfigurationPlatforms) = postSolution
		{6E058F0C-87D1-4457-8BDC-331BA21E5545}.Debug|Any CPU.ActiveCfg = Debug|Any CPU
		{6E058F0C-87D1-4457-8BDC-331BA21E5545}.Debug|Any CPU.Build.0 = Debug|Any CPU
		{6E058F0C-87D1-4457-8BDC-331BA21E5545}.Release|Any CPU.ActiveCfg = Release|Any CPU
		{6E058F0C-87D1-4457-8BDC-331BA21E5545}.Release|Any CPU.Build.0 = Release|Any CPU
	EndGlobalSection
	GlobalSection(SolutionProperties) = preSolution
		HideSolutionNode = FALSE
	EndGlobalSection
	GlobalSection(ExtensibilityGlobals) = postSolution
		SolutionGuid = {E4D8D528-AA58-400E-B613-27C001B6B5C0}
	EndGlobalSection
EndGlobal
