
Microsoft Visual Studio Solution File, Format Version 12.00
# Visual Studio Version 17
VisualStudioVersion = 17.9.34616.47
MinimumVisualStudioVersion = 10.0.40219.1
Project("{FAE04EC0-301F-11D3-BF4B-00C04F79EFBC}") = "formaDePagamento", "formaDePagamento\formaDePagamento.csproj", "{1BF5C80F-46C3-43F5-8943-3924D2EACFC5}"
EndProject
Global
	GlobalSection(SolutionConfigurationPlatforms) = preSolution
		Debug|Any CPU = Debug|Any CPU
		Release|Any CPU = Release|Any CPU
	EndGlobalSection
	GlobalSection(ProjectConfigurationPlatforms) = postSolution
		{1BF5C80F-46C3-43F5-8943-3924D2EACFC5}.Debug|Any CPU.ActiveCfg = Debug|Any CPU
		{1BF5C80F-46C3-43F5-8943-3924D2EACFC5}.Debug|Any CPU.Build.0 = Debug|Any CPU
		{1BF5C80F-46C3-43F5-8943-3924D2EACFC5}.Release|Any CPU.ActiveCfg = Release|Any CPU
		{1BF5C80F-46C3-43F5-8943-3924D2EACFC5}.Release|Any CPU.Build.0 = Release|Any CPU
	EndGlobalSection
	GlobalSection(SolutionProperties) = preSolution
		HideSolutionNode = FALSE
	EndGlobalSection
	GlobalSection(ExtensibilityGlobals) = postSolution
		SolutionGuid = {D47C3919-A27B-4935-9494-0F5EBFDC27DA}
	EndGlobalSection
EndGlobal
