
Microsoft Visual Studio Solution File, Format Version 12.00
# Visual Studio Version 17
VisualStudioVersion = 17.9.34616.47
MinimumVisualStudioVersion = 10.0.40219.1
Project("{FAE04EC0-301F-11D3-BF4B-00C04F79EFBC}") = "sorteioDados", "sorteioDados\sorteioDados.csproj", "{0D416968-EE6A-40DC-998F-5B41A7BBB82B}"
EndProject
Global
	GlobalSection(SolutionConfigurationPlatforms) = preSolution
		Debug|Any CPU = Debug|Any CPU
		Release|Any CPU = Release|Any CPU
	EndGlobalSection
	GlobalSection(ProjectConfigurationPlatforms) = postSolution
		{0D416968-EE6A-40DC-998F-5B41A7BBB82B}.Debug|Any CPU.ActiveCfg = Debug|Any CPU
		{0D416968-EE6A-40DC-998F-5B41A7BBB82B}.Debug|Any CPU.Build.0 = Debug|Any CPU
		{0D416968-EE6A-40DC-998F-5B41A7BBB82B}.Release|Any CPU.ActiveCfg = Release|Any CPU
		{0D416968-EE6A-40DC-998F-5B41A7BBB82B}.Release|Any CPU.Build.0 = Release|Any CPU
	EndGlobalSection
	GlobalSection(SolutionProperties) = preSolution
		HideSolutionNode = FALSE
	EndGlobalSection
	GlobalSection(ExtensibilityGlobals) = postSolution
		SolutionGuid = {774246F2-FA3F-47AF-A2F7-69753BC9C721}
	EndGlobalSection
EndGlobal
