
Microsoft Visual Studio Solution File, Format Version 12.00
# Visual Studio Version 17
VisualStudioVersion = 17.3.32901.215
MinimumVisualStudioVersion = 10.0.40219.1
Project("{FAE04EC0-301F-11D3-BF4B-00C04F79EFBC}") = "Cadrastro Biblioteca", "Cadrastro Biblioteca\Cadrastro Biblioteca.csproj", "{800357CD-5762-4194-8DB8-EAA9D1E623EC}"
EndProject
Global
	GlobalSection(SolutionConfigurationPlatforms) = preSolution
		Debug|Any CPU = Debug|Any CPU
		Release|Any CPU = Release|Any CPU
	EndGlobalSection
	GlobalSection(ProjectConfigurationPlatforms) = postSolution
		{800357CD-5762-4194-8DB8-EAA9D1E623EC}.Debug|Any CPU.ActiveCfg = Debug|Any CPU
		{800357CD-5762-4194-8DB8-EAA9D1E623EC}.Debug|Any CPU.Build.0 = Debug|Any CPU
		{800357CD-5762-4194-8DB8-EAA9D1E623EC}.Release|Any CPU.ActiveCfg = Release|Any CPU
		{800357CD-5762-4194-8DB8-EAA9D1E623EC}.Release|Any CPU.Build.0 = Release|Any CPU
	EndGlobalSection
	GlobalSection(SolutionProperties) = preSolution
		HideSolutionNode = FALSE
	EndGlobalSection
	GlobalSection(ExtensibilityGlobals) = postSolution
		SolutionGuid = {2A202684-8087-43F8-ACA7-0657EA397423}
	EndGlobalSection
EndGlobal
