
Microsoft Visual Studio Solution File, Format Version 12.00
# Visual Studio Version 17
VisualStudioVersion = 17.9.34616.47
MinimumVisualStudioVersion = 10.0.40219.1
Project("{FAE04EC0-301F-11D3-BF4B-00C04F79EFBC}") = "pesquisarNomes", "pesquisarNomes\pesquisarNomes.csproj", "{3CB00E0A-B206-4BC6-A20F-EF3642AAE4DE}"
EndProject
Global
	GlobalSection(SolutionConfigurationPlatforms) = preSolution
		Debug|Any CPU = Debug|Any CPU
		Release|Any CPU = Release|Any CPU
	EndGlobalSection
	GlobalSection(ProjectConfigurationPlatforms) = postSolution
		{3CB00E0A-B206-4BC6-A20F-EF3642AAE4DE}.Debug|Any CPU.ActiveCfg = Debug|Any CPU
		{3CB00E0A-B206-4BC6-A20F-EF3642AAE4DE}.Debug|Any CPU.Build.0 = Debug|Any CPU
		{3CB00E0A-B206-4BC6-A20F-EF3642AAE4DE}.Release|Any CPU.ActiveCfg = Release|Any CPU
		{3CB00E0A-B206-4BC6-A20F-EF3642AAE4DE}.Release|Any CPU.Build.0 = Release|Any CPU
	EndGlobalSection
	GlobalSection(SolutionProperties) = preSolution
		HideSolutionNode = FALSE
	EndGlobalSection
	GlobalSection(ExtensibilityGlobals) = postSolution
		SolutionGuid = {B30B4EF5-2885-42F7-B1B6-4B6CCB7E30B7}
	EndGlobalSection
EndGlobal
