
Microsoft Visual Studio Solution File, Format Version 12.00
# Visual Studio Version 17
VisualStudioVersion = 17.9.34616.47
MinimumVisualStudioVersion = 10.0.40219.1
Project("{FAE04EC0-301F-11D3-BF4B-00C04F79EFBC}") = "tabuada", "tabuada\tabuada.csproj", "{18FBA01E-D21B-4F51-828E-8C929C858AD4}"
EndProject
Global
	GlobalSection(SolutionConfigurationPlatforms) = preSolution
		Debug|Any CPU = Debug|Any CPU
		Release|Any CPU = Release|Any CPU
	EndGlobalSection
	GlobalSection(ProjectConfigurationPlatforms) = postSolution
		{18FBA01E-D21B-4F51-828E-8C929C858AD4}.Debug|Any CPU.ActiveCfg = Debug|Any CPU
		{18FBA01E-D21B-4F51-828E-8C929C858AD4}.Debug|Any CPU.Build.0 = Debug|Any CPU
		{18FBA01E-D21B-4F51-828E-8C929C858AD4}.Release|Any CPU.ActiveCfg = Release|Any CPU
		{18FBA01E-D21B-4F51-828E-8C929C858AD4}.Release|Any CPU.Build.0 = Release|Any CPU
	EndGlobalSection
	GlobalSection(SolutionProperties) = preSolution
		HideSolutionNode = FALSE
	EndGlobalSection
	GlobalSection(ExtensibilityGlobals) = postSolution
		SolutionGuid = {A2165B72-1AC6-49EA-BFFF-B849B868B2CE}
	EndGlobalSection
EndGlobal
