
Microsoft Visual Studio Solution File, Format Version 12.00
# Visual Studio Version 17
VisualStudioVersion = 17.3.32901.215
MinimumVisualStudioVersion = 10.0.40219.1
Project("{FAE04EC0-301F-11D3-BF4B-00C04F79EFBC}") = "Fibonnaci", "Fibonnaci\Fibonnaci.csproj", "{2759E8E3-C5ED-43B9-9614-B0088CDC7950}"
EndProject
Global
	GlobalSection(SolutionConfigurationPlatforms) = preSolution
		Debug|Any CPU = Debug|Any CPU
		Release|Any CPU = Release|Any CPU
	EndGlobalSection
	GlobalSection(ProjectConfigurationPlatforms) = postSolution
		{2759E8E3-C5ED-43B9-9614-B0088CDC7950}.Debug|Any CPU.ActiveCfg = Debug|Any CPU
		{2759E8E3-C5ED-43B9-9614-B0088CDC7950}.Debug|Any CPU.Build.0 = Debug|Any CPU
		{2759E8E3-C5ED-43B9-9614-B0088CDC7950}.Release|Any CPU.ActiveCfg = Release|Any CPU
		{2759E8E3-C5ED-43B9-9614-B0088CDC7950}.Release|Any CPU.Build.0 = Release|Any CPU
	EndGlobalSection
	GlobalSection(SolutionProperties) = preSolution
		HideSolutionNode = FALSE
	EndGlobalSection
	GlobalSection(ExtensibilityGlobals) = postSolution
		SolutionGuid = {5AAFFDF1-FEDF-433C-8850-36A7F3D80BB6}
	EndGlobalSection
EndGlobal
