
Microsoft Visual Studio Solution File, Format Version 12.00
# Visual Studio Version 17
VisualStudioVersion = 17.3.32901.215
MinimumVisualStudioVersion = 10.0.40219.1
Project("{FAE04EC0-301F-11D3-BF4B-00C04F79EFBC}") = "Fib", "Fib\Fib.csproj", "{F564C6B4-A33C-4A16-ABC4-D7174BD71C72}"
EndProject
Global
	GlobalSection(SolutionConfigurationPlatforms) = preSolution
		Debug|Any CPU = Debug|Any CPU
		Release|Any CPU = Release|Any CPU
	EndGlobalSection
	GlobalSection(ProjectConfigurationPlatforms) = postSolution
		{F564C6B4-A33C-4A16-ABC4-D7174BD71C72}.Debug|Any CPU.ActiveCfg = Debug|Any CPU
		{F564C6B4-A33C-4A16-ABC4-D7174BD71C72}.Debug|Any CPU.Build.0 = Debug|Any CPU
		{F564C6B4-A33C-4A16-ABC4-D7174BD71C72}.Release|Any CPU.ActiveCfg = Release|Any CPU
		{F564C6B4-A33C-4A16-ABC4-D7174BD71C72}.Release|Any CPU.Build.0 = Release|Any CPU
	EndGlobalSection
	GlobalSection(SolutionProperties) = preSolution
		HideSolutionNode = FALSE
	EndGlobalSection
	GlobalSection(ExtensibilityGlobals) = postSolution
		SolutionGuid = {ABD258D7-E294-4811-AF07-9D83F9AAFE9F}
	EndGlobalSection
EndGlobal
