
Microsoft Visual Studio Solution File, Format Version 12.00
# Visual Studio Version 17
VisualStudioVersion = 17.9.34723.18
MinimumVisualStudioVersion = 10.0.40219.1
Project("{FAE04EC0-301F-11D3-BF4B-00C04F79EFBC}") = "Projeto_Senac_2", "Projeto_Senac_2\Projeto_Senac_2.csproj", "{B2197919-B005-48DC-BAE6-937192090C81}"
EndProject
Global
	GlobalSection(SolutionConfigurationPlatforms) = preSolution
		Debug|Any CPU = Debug|Any CPU
		Release|Any CPU = Release|Any CPU
	EndGlobalSection
	GlobalSection(ProjectConfigurationPlatforms) = postSolution
		{B2197919-B005-48DC-BAE6-937192090C81}.Debug|Any CPU.ActiveCfg = Debug|Any CPU
		{B2197919-B005-48DC-BAE6-937192090C81}.Debug|Any CPU.Build.0 = Debug|Any CPU
		{B2197919-B005-48DC-BAE6-937192090C81}.Release|Any CPU.ActiveCfg = Release|Any CPU
		{B2197919-B005-48DC-BAE6-937192090C81}.Release|Any CPU.Build.0 = Release|Any CPU
	EndGlobalSection
	GlobalSection(SolutionProperties) = preSolution
		HideSolutionNode = FALSE
	EndGlobalSection
	GlobalSection(ExtensibilityGlobals) = postSolution
		SolutionGuid = {73D53CF7-3834-41B5-928F-D587F6FE5517}
	EndGlobalSection
EndGlobal
