
Microsoft Visual Studio Solution File, Format Version 12.00
# Visual Studio Version 17
VisualStudioVersion = 17.3.32901.215
MinimumVisualStudioVersion = 10.0.40219.1
Project("{FAE04EC0-301F-11D3-BF4B-00C04F79EFBC}") = "Banco1", "Banco1\Banco1.csproj", "{7CCB2DD9-B8D9-40A6-AACD-B8BC56AC7486}"
EndProject
Global
	GlobalSection(SolutionConfigurationPlatforms) = preSolution
		Debug|Any CPU = Debug|Any CPU
		Release|Any CPU = Release|Any CPU
	EndGlobalSection
	GlobalSection(ProjectConfigurationPlatforms) = postSolution
		{7CCB2DD9-B8D9-40A6-AACD-B8BC56AC7486}.Debug|Any CPU.ActiveCfg = Debug|Any CPU
		{7CCB2DD9-B8D9-40A6-AACD-B8BC56AC7486}.Debug|Any CPU.Build.0 = Debug|Any CPU
		{7CCB2DD9-B8D9-40A6-AACD-B8BC56AC7486}.Release|Any CPU.ActiveCfg = Release|Any CPU
		{7CCB2DD9-B8D9-40A6-AACD-B8BC56AC7486}.Release|Any CPU.Build.0 = Release|Any CPU
	EndGlobalSection
	GlobalSection(SolutionProperties) = preSolution
		HideSolutionNode = FALSE
	EndGlobalSection
	GlobalSection(ExtensibilityGlobals) = postSolution
		SolutionGuid = {9F5874F2-E443-4E42-B018-DF0B831C773F}
	EndGlobalSection
EndGlobal
