
Microsoft Visual Studio Solution File, Format Version 12.00
# Visual Studio Version 17
VisualStudioVersion = 17.3.32901.215
MinimumVisualStudioVersion = 10.0.40219.1
Project("{FAE04EC0-301F-11D3-BF4B-00C04F79EFBC}") = "sorveteria", "sorveteria\sorveteria.csproj", "{7A2C3EF9-9441-49AF-9597-E3208334307F}"
EndProject
Global
	GlobalSection(SolutionConfigurationPlatforms) = preSolution
		Debug|Any CPU = Debug|Any CPU
		Release|Any CPU = Release|Any CPU
	EndGlobalSection
	GlobalSection(ProjectConfigurationPlatforms) = postSolution
		{7A2C3EF9-9441-49AF-9597-E3208334307F}.Debug|Any CPU.ActiveCfg = Debug|Any CPU
		{7A2C3EF9-9441-49AF-9597-E3208334307F}.Debug|Any CPU.Build.0 = Debug|Any CPU
		{7A2C3EF9-9441-49AF-9597-E3208334307F}.Release|Any CPU.ActiveCfg = Release|Any CPU
		{7A2C3EF9-9441-49AF-9597-E3208334307F}.Release|Any CPU.Build.0 = Release|Any CPU
	EndGlobalSection
	GlobalSection(SolutionProperties) = preSolution
		HideSolutionNode = FALSE
	EndGlobalSection
	GlobalSection(ExtensibilityGlobals) = postSolution
		SolutionGuid = {B2C252EC-FF5E-4D15-A144-50148819906A}
	EndGlobalSection
EndGlobal
