
Microsoft Visual Studio Solution File, Format Version 12.00
# Visual Studio Version 17
VisualStudioVersion = 17.9.34616.47
MinimumVisualStudioVersion = 10.0.40219.1
Project("{FAE04EC0-301F-11D3-BF4B-00C04F79EFBC}") = "DoarSangue", "DoarSangue\DoarSangue.csproj", "{81115554-3AA5-4681-BD37-BB926B7047EC}"
EndProject
Global
	GlobalSection(SolutionConfigurationPlatforms) = preSolution
		Debug|Any CPU = Debug|Any CPU
		Release|Any CPU = Release|Any CPU
	EndGlobalSection
	GlobalSection(ProjectConfigurationPlatforms) = postSolution
		{81115554-3AA5-4681-BD37-BB926B7047EC}.Debug|Any CPU.ActiveCfg = Debug|Any CPU
		{81115554-3AA5-4681-BD37-BB926B7047EC}.Debug|Any CPU.Build.0 = Debug|Any CPU
		{81115554-3AA5-4681-BD37-BB926B7047EC}.Release|Any CPU.ActiveCfg = Release|Any CPU
		{81115554-3AA5-4681-BD37-BB926B7047EC}.Release|Any CPU.Build.0 = Release|Any CPU
	EndGlobalSection
	GlobalSection(SolutionProperties) = preSolution
		HideSolutionNode = FALSE
	EndGlobalSection
	GlobalSection(ExtensibilityGlobals) = postSolution
		SolutionGuid = {209903AE-D9AD-4A91-85E9-52EF477509D5}
	EndGlobalSection
EndGlobal
