
Microsoft Visual Studio Solution File, Format Version 12.00
# Visual Studio Version 17
VisualStudioVersion = 17.3.32901.215
MinimumVisualStudioVersion = 10.0.40219.1
Project("{FAE04EC0-301F-11D3-BF4B-00C04F79EFBC}") = "auladia11", "auladia11\auladia11.csproj", "{F18C1E88-1D70-43B1-8C48-20C5ADE848E3}"
EndProject
Global
	GlobalSection(SolutionConfigurationPlatforms) = preSolution
		Debug|Any CPU = Debug|Any CPU
		Release|Any CPU = Release|Any CPU
	EndGlobalSection
	GlobalSection(ProjectConfigurationPlatforms) = postSolution
		{F18C1E88-1D70-43B1-8C48-20C5ADE848E3}.Debug|Any CPU.ActiveCfg = Debug|Any CPU
		{F18C1E88-1D70-43B1-8C48-20C5ADE848E3}.Debug|Any CPU.Build.0 = Debug|Any CPU
		{F18C1E88-1D70-43B1-8C48-20C5ADE848E3}.Release|Any CPU.ActiveCfg = Release|Any CPU
		{F18C1E88-1D70-43B1-8C48-20C5ADE848E3}.Release|Any CPU.Build.0 = Release|Any CPU
	EndGlobalSection
	GlobalSection(SolutionProperties) = preSolution
		HideSolutionNode = FALSE
	EndGlobalSection
	GlobalSection(ExtensibilityGlobals) = postSolution
		SolutionGuid = {C48BAAB7-C5C9-4BCF-B928-B14AC0FF6DE0}
	EndGlobalSection
EndGlobal
