
Microsoft Visual Studio Solution File, Format Version 12.00
# Visual Studio Version 17
VisualStudioVersion = 17.9.34616.47
MinimumVisualStudioVersion = 10.0.40219.1
Project("{FAE04EC0-301F-11D3-BF4B-00C04F79EFBC}") = "ForTabuada", "ForTabuada\ForTabuada.csproj", "{FAD68794-DF26-4F36-8BC5-FF4217940FCC}"
EndProject
Global
	GlobalSection(SolutionConfigurationPlatforms) = preSolution
		Debug|Any CPU = Debug|Any CPU
		Release|Any CPU = Release|Any CPU
	EndGlobalSection
	GlobalSection(ProjectConfigurationPlatforms) = postSolution
		{FAD68794-DF26-4F36-8BC5-FF4217940FCC}.Debug|Any CPU.ActiveCfg = Debug|Any CPU
		{FAD68794-DF26-4F36-8BC5-FF4217940FCC}.Debug|Any CPU.Build.0 = Debug|Any CPU
		{FAD68794-DF26-4F36-8BC5-FF4217940FCC}.Release|Any CPU.ActiveCfg = Release|Any CPU
		{FAD68794-DF26-4F36-8BC5-FF4217940FCC}.Release|Any CPU.Build.0 = Release|Any CPU
	EndGlobalSection
	GlobalSection(SolutionProperties) = preSolution
		HideSolutionNode = FALSE
	EndGlobalSection
	GlobalSection(ExtensibilityGlobals) = postSolution
		SolutionGuid = {0DA68A1A-F5CF-4BF0-8626-86E9E673241C}
	EndGlobalSection
EndGlobal
