
Microsoft Visual Studio Solution File, Format Version 12.00
# Visual Studio Version 17
VisualStudioVersion = 17.9.34616.47
MinimumVisualStudioVersion = 10.0.40219.1
Project("{FAE04EC0-301F-11D3-BF4B-00C04F79EFBC}") = "rpgSenac", "rpgSenac\rpgSenac.csproj", "{31E12A83-B1AA-4032-80EE-36FEEF97936E}"
EndProject
Global
	GlobalSection(SolutionConfigurationPlatforms) = preSolution
		Debug|Any CPU = Debug|Any CPU
		Release|Any CPU = Release|Any CPU
	EndGlobalSection
	GlobalSection(ProjectConfigurationPlatforms) = postSolution
		{31E12A83-B1AA-4032-80EE-36FEEF97936E}.Debug|Any CPU.ActiveCfg = Debug|Any CPU
		{31E12A83-B1AA-4032-80EE-36FEEF97936E}.Debug|Any CPU.Build.0 = Debug|Any CPU
		{31E12A83-B1AA-4032-80EE-36FEEF97936E}.Release|Any CPU.ActiveCfg = Release|Any CPU
		{31E12A83-B1AA-4032-80EE-36FEEF97936E}.Release|Any CPU.Build.0 = Release|Any CPU
	EndGlobalSection
	GlobalSection(SolutionProperties) = preSolution
		HideSolutionNode = FALSE
	EndGlobalSection
	GlobalSection(ExtensibilityGlobals) = postSolution
		SolutionGuid = {7BA1E135-640E-46DC-9E57-CBC765D12F44}
	EndGlobalSection
EndGlobal
