
Microsoft Visual Studio Solution File, Format Version 12.00
# Visual Studio Version 17
VisualStudioVersion = 17.3.32901.215
MinimumVisualStudioVersion = 10.0.40219.1
Project("{FAE04EC0-301F-11D3-BF4B-00C04F79EFBC}") = "Aula PA", "Aula PA\Aula PA.csproj", "{414A169D-397F-4176-A173-2B7A0A12A1BE}"
EndProject
Global
	GlobalSection(SolutionConfigurationPlatforms) = preSolution
		Debug|Any CPU = Debug|Any CPU
		Release|Any CPU = Release|Any CPU
	EndGlobalSection
	GlobalSection(ProjectConfigurationPlatforms) = postSolution
		{414A169D-397F-4176-A173-2B7A0A12A1BE}.Debug|Any CPU.ActiveCfg = Debug|Any CPU
		{414A169D-397F-4176-A173-2B7A0A12A1BE}.Debug|Any CPU.Build.0 = Debug|Any CPU
		{414A169D-397F-4176-A173-2B7A0A12A1BE}.Release|Any CPU.ActiveCfg = Release|Any CPU
		{414A169D-397F-4176-A173-2B7A0A12A1BE}.Release|Any CPU.Build.0 = Release|Any CPU
	EndGlobalSection
	GlobalSection(SolutionProperties) = preSolution
		HideSolutionNode = FALSE
	EndGlobalSection
	GlobalSection(ExtensibilityGlobals) = postSolution
		SolutionGuid = {2A38E23B-2E4A-40BB-B53E-6E4F8057E0F2}
	EndGlobalSection
EndGlobal
