
Microsoft Visual Studio Solution File, Format Version 12.00
# Visual Studio Version 17
VisualStudioVersion = 17.9.34723.18
MinimumVisualStudioVersion = 10.0.40219.1
Project("{FAE04EC0-301F-11D3-BF4B-00C04F79EFBC}") = "jOGO2.0", "jOGO2.0\jOGO2.0.csproj", "{C5777C0B-9042-4239-8763-ACD446FF4AEF}"
EndProject
Global
	GlobalSection(SolutionConfigurationPlatforms) = preSolution
		Debug|Any CPU = Debug|Any CPU
		Release|Any CPU = Release|Any CPU
	EndGlobalSection
	GlobalSection(ProjectConfigurationPlatforms) = postSolution
		{C5777C0B-9042-4239-8763-ACD446FF4AEF}.Debug|Any CPU.ActiveCfg = Debug|Any CPU
		{C5777C0B-9042-4239-8763-ACD446FF4AEF}.Debug|Any CPU.Build.0 = Debug|Any CPU
		{C5777C0B-9042-4239-8763-ACD446FF4AEF}.Release|Any CPU.ActiveCfg = Release|Any CPU
		{C5777C0B-9042-4239-8763-ACD446FF4AEF}.Release|Any CPU.Build.0 = Release|Any CPU
	EndGlobalSection
	GlobalSection(SolutionProperties) = preSolution
		HideSolutionNode = FALSE
	EndGlobalSection
	GlobalSection(ExtensibilityGlobals) = postSolution
		SolutionGuid = {6828AC0B-5644-4884-B594-C96758069C57}
	EndGlobalSection
EndGlobal
