
Microsoft Visual Studio Solution File, Format Version 12.00
# Visual Studio Version 17
VisualStudioVersion = 17.9.34616.47
MinimumVisualStudioVersion = 10.0.40219.1
Project("{FAE04EC0-301F-11D3-BF4B-00C04F79EFBC}") = "maior", "maior\maior.csproj", "{7A8150E1-2A0D-466A-8DC0-BC10AADF7E0C}"
EndProject
Global
	GlobalSection(SolutionConfigurationPlatforms) = preSolution
		Debug|Any CPU = Debug|Any CPU
		Release|Any CPU = Release|Any CPU
	EndGlobalSection
	GlobalSection(ProjectConfigurationPlatforms) = postSolution
		{7A8150E1-2A0D-466A-8DC0-BC10AADF7E0C}.Debug|Any CPU.ActiveCfg = Debug|Any CPU
		{7A8150E1-2A0D-466A-8DC0-BC10AADF7E0C}.Debug|Any CPU.Build.0 = Debug|Any CPU
		{7A8150E1-2A0D-466A-8DC0-BC10AADF7E0C}.Release|Any CPU.ActiveCfg = Release|Any CPU
		{7A8150E1-2A0D-466A-8DC0-BC10AADF7E0C}.Release|Any CPU.Build.0 = Release|Any CPU
	EndGlobalSection
	GlobalSection(SolutionProperties) = preSolution
		HideSolutionNode = FALSE
	EndGlobalSection
	GlobalSection(ExtensibilityGlobals) = postSolution
		SolutionGuid = {91857EB2-04C7-4166-98AF-6CC9B4D09593}
	EndGlobalSection
EndGlobal
