
Microsoft Visual Studio Solution File, Format Version 12.00
# Visual Studio Version 17
VisualStudioVersion = 17.9.34616.47
MinimumVisualStudioVersion = 10.0.40219.1
Project("{FAE04EC0-301F-11D3-BF4B-00C04F79EFBC}") = "While1a10", "While1a10\While1a10.csproj", "{D8C947EB-6F7F-445B-961E-33B8D5C81BFC}"
EndProject
Global
	GlobalSection(SolutionConfigurationPlatforms) = preSolution
		Debug|Any CPU = Debug|Any CPU
		Release|Any CPU = Release|Any CPU
	EndGlobalSection
	GlobalSection(ProjectConfigurationPlatforms) = postSolution
		{D8C947EB-6F7F-445B-961E-33B8D5C81BFC}.Debug|Any CPU.ActiveCfg = Debug|Any CPU
		{D8C947EB-6F7F-445B-961E-33B8D5C81BFC}.Debug|Any CPU.Build.0 = Debug|Any CPU
		{D8C947EB-6F7F-445B-961E-33B8D5C81BFC}.Release|Any CPU.ActiveCfg = Release|Any CPU
		{D8C947EB-6F7F-445B-961E-33B8D5C81BFC}.Release|Any CPU.Build.0 = Release|Any CPU
	EndGlobalSection
	GlobalSection(SolutionProperties) = preSolution
		HideSolutionNode = FALSE
	EndGlobalSection
	GlobalSection(ExtensibilityGlobals) = postSolution
		SolutionGuid = {890137E7-4CC1-45DC-AAD4-97FB37A86396}
	EndGlobalSection
EndGlobal
